
Microsoft Visual Studio Solution File, Format Version 11.00
# Visual Studio 2010
Project("{FAE04EC0-301F-11D3-BF4B-00C04F79EFBC}") = "Assembly-CSharp-firstpass", "Assembly-CSharp-firstpass.csproj", "{def465ca-ed59-033d-04e4-19e3cf337fab}"
EndProject
Project("{FAE04EC0-301F-11D3-BF4B-00C04F79EFBC}") = "Assembly-CSharp", "Assembly-CSharp.csproj", "{58a3d5e0-2ecc-bbdb-fb87-519c0d0f43ae}"
EndProject
Project("{FAE04EC0-301F-11D3-BF4B-00C04F79EFBC}") = "Assembly-CSharp-Editor-firstpass", "Assembly-CSharp-Editor-firstpass.csproj", "{54d71bc8-4ebd-4cec-5143-84a315c39f07}"
EndProject
Project("{FAE04EC0-301F-11D3-BF4B-00C04F79EFBC}") = "HotUpdate", "HotUpdate.csproj", "{718b11b3-dbe8-9747-a8bd-2da0a6d21bf4}"
EndProject
Global
	GlobalSection(SolutionConfigurationPlatforms) = preSolution
		Debug|Any CPU = Debug|Any CPU
	EndGlobalSection
	GlobalSection(ProjectConfigurationPlatforms) = postSolution
		{def465ca-ed59-033d-04e4-19e3cf337fab}.Debug|Any CPU.ActiveCfg = Debug|Any CPU
		{def465ca-ed59-033d-04e4-19e3cf337fab}.Debug|Any CPU.Build.0 = Debug|Any CPU
		{58a3d5e0-2ecc-bbdb-fb87-519c0d0f43ae}.Debug|Any CPU.ActiveCfg = Debug|Any CPU
		{58a3d5e0-2ecc-bbdb-fb87-519c0d0f43ae}.Debug|Any CPU.Build.0 = Debug|Any CPU
		{54d71bc8-4ebd-4cec-5143-84a315c39f07}.Debug|Any CPU.ActiveCfg = Debug|Any CPU
		{54d71bc8-4ebd-4cec-5143-84a315c39f07}.Debug|Any CPU.Build.0 = Debug|Any CPU
		{718b11b3-dbe8-9747-a8bd-2da0a6d21bf4}.Debug|Any CPU.ActiveCfg = Debug|Any CPU
		{718b11b3-dbe8-9747-a8bd-2da0a6d21bf4}.Debug|Any CPU.Build.0 = Debug|Any CPU
	EndGlobalSection
	GlobalSection(SolutionProperties) = preSolution
		HideSolutionNode = FALSE
	EndGlobalSection
EndGlobal
