
Microsoft Visual Studio Solution File, Format Version 11.00
# Visual Studio 2010
Project("{FAE04EC0-301F-11D3-BF4B-00C04F79EFBC}") = "Assembly-CSharp-firstpass", "Assembly-CSharp-firstpass.csproj", "{def465ca-ed59-033d-04e4-19e3cf337fab}"
EndProject
Project("{FAE04EC0-301F-11D3-BF4B-00C04F79EFBC}") = "UniTask", "UniTask.csproj", "{482b5c2c-f830-fb24-9969-369d13c7e39b}"
EndProject
Project("{FAE04EC0-301F-11D3-BF4B-00C04F79EFBC}") = "UniTask.Linq", "UniTask.Linq.csproj", "{5ab2e265-6ead-5127-a57f-c9ab85af4ee8}"
EndProject
Project("{FAE04EC0-301F-11D3-BF4B-00C04F79EFBC}") = "Assembly-CSharp", "Assembly-CSharp.csproj", "{58a3d5e0-2ecc-bbdb-fb87-519c0d0f43ae}"
EndProject
Project("{FAE04EC0-301F-11D3-BF4B-00C04F79EFBC}") = "PrimeTween.Debug", "PrimeTween.Debug.csproj", "{027ca3e8-344b-0039-fdea-55192959dad6}"
EndProject
Project("{FAE04EC0-301F-11D3-BF4B-00C04F79EFBC}") = "UniTask.Addressables", "UniTask.Addressables.csproj", "{05fd3887-ec53-dd52-489f-9320dab7ce52}"
EndProject
Project("{FAE04EC0-301F-11D3-BF4B-00C04F79EFBC}") = "Sirenix.OdinInspector.Modules.Unity.Addressables", "Sirenix.OdinInspector.Modules.Unity.Addressables.csproj", "{361563f7-dc34-2ce7-9e72-dcc8af625b0d}"
EndProject
Project("{FAE04EC0-301F-11D3-BF4B-00C04F79EFBC}") = "PrimeTween.Demo", "PrimeTween.Demo.csproj", "{c568c414-069d-8e18-0160-df0db9c0406e}"
EndProject
Project("{FAE04EC0-301F-11D3-BF4B-00C04F79EFBC}") = "Assembly-CSharp-Editor-firstpass", "Assembly-CSharp-Editor-firstpass.csproj", "{54d71bc8-4ebd-4cec-5143-84a315c39f07}"
EndProject
Project("{FAE04EC0-301F-11D3-BF4B-00C04F79EFBC}") = "UniTask.TextMeshPro", "UniTask.TextMeshPro.csproj", "{6778fb80-df1b-85ad-1871-b4c17828babf}"
EndProject
Project("{FAE04EC0-301F-11D3-BF4B-00C04F79EFBC}") = "UniTask.DOTween", "UniTask.DOTween.csproj", "{77d20750-58a3-75c1-c4d2-497991413305}"
EndProject
Project("{FAE04EC0-301F-11D3-BF4B-00C04F79EFBC}") = "UniTask.Editor", "UniTask.Editor.csproj", "{60131cd8-524b-7833-4b63-777ce8df0bb8}"
EndProject
Project("{FAE04EC0-301F-11D3-BF4B-00C04F79EFBC}") = "PrimeTween.Installer", "PrimeTween.Installer.csproj", "{6fabc083-5cab-46a1-52e7-cd4de606e9c4}"
EndProject
Project("{FAE04EC0-301F-11D3-BF4B-00C04F79EFBC}") = "Assembly-CSharp-Editor", "Assembly-CSharp-Editor.csproj", "{c001dff7-e59d-1dbe-ef3f-9812f069cbb7}"
EndProject
Project("{FAE04EC0-301F-11D3-BF4B-00C04F79EFBC}") = "Sirenix.OdinInspector.Modules.UnityMathematics", "Sirenix.OdinInspector.Modules.UnityMathematics.csproj", "{ec8c0881-0a06-f84b-9964-36cb91631839}"
EndProject
Global
	GlobalSection(SolutionConfigurationPlatforms) = preSolution
		Debug|Any CPU = Debug|Any CPU
	EndGlobalSection
	GlobalSection(ProjectConfigurationPlatforms) = postSolution
		{def465ca-ed59-033d-04e4-19e3cf337fab}.Debug|Any CPU.ActiveCfg = Debug|Any CPU
		{def465ca-ed59-033d-04e4-19e3cf337fab}.Debug|Any CPU.Build.0 = Debug|Any CPU
		{482b5c2c-f830-fb24-9969-369d13c7e39b}.Debug|Any CPU.ActiveCfg = Debug|Any CPU
		{482b5c2c-f830-fb24-9969-369d13c7e39b}.Debug|Any CPU.Build.0 = Debug|Any CPU
		{5ab2e265-6ead-5127-a57f-c9ab85af4ee8}.Debug|Any CPU.ActiveCfg = Debug|Any CPU
		{5ab2e265-6ead-5127-a57f-c9ab85af4ee8}.Debug|Any CPU.Build.0 = Debug|Any CPU
		{58a3d5e0-2ecc-bbdb-fb87-519c0d0f43ae}.Debug|Any CPU.ActiveCfg = Debug|Any CPU
		{58a3d5e0-2ecc-bbdb-fb87-519c0d0f43ae}.Debug|Any CPU.Build.0 = Debug|Any CPU
		{027ca3e8-344b-0039-fdea-55192959dad6}.Debug|Any CPU.ActiveCfg = Debug|Any CPU
		{027ca3e8-344b-0039-fdea-55192959dad6}.Debug|Any CPU.Build.0 = Debug|Any CPU
		{05fd3887-ec53-dd52-489f-9320dab7ce52}.Debug|Any CPU.ActiveCfg = Debug|Any CPU
		{05fd3887-ec53-dd52-489f-9320dab7ce52}.Debug|Any CPU.Build.0 = Debug|Any CPU
		{361563f7-dc34-2ce7-9e72-dcc8af625b0d}.Debug|Any CPU.ActiveCfg = Debug|Any CPU
		{361563f7-dc34-2ce7-9e72-dcc8af625b0d}.Debug|Any CPU.Build.0 = Debug|Any CPU
		{c568c414-069d-8e18-0160-df0db9c0406e}.Debug|Any CPU.ActiveCfg = Debug|Any CPU
		{c568c414-069d-8e18-0160-df0db9c0406e}.Debug|Any CPU.Build.0 = Debug|Any CPU
		{54d71bc8-4ebd-4cec-5143-84a315c39f07}.Debug|Any CPU.ActiveCfg = Debug|Any CPU
		{54d71bc8-4ebd-4cec-5143-84a315c39f07}.Debug|Any CPU.Build.0 = Debug|Any CPU
		{6778fb80-df1b-85ad-1871-b4c17828babf}.Debug|Any CPU.ActiveCfg = Debug|Any CPU
		{6778fb80-df1b-85ad-1871-b4c17828babf}.Debug|Any CPU.Build.0 = Debug|Any CPU
		{77d20750-58a3-75c1-c4d2-497991413305}.Debug|Any CPU.ActiveCfg = Debug|Any CPU
		{77d20750-58a3-75c1-c4d2-497991413305}.Debug|Any CPU.Build.0 = Debug|Any CPU
		{60131cd8-524b-7833-4b63-777ce8df0bb8}.Debug|Any CPU.ActiveCfg = Debug|Any CPU
		{60131cd8-524b-7833-4b63-777ce8df0bb8}.Debug|Any CPU.Build.0 = Debug|Any CPU
		{6fabc083-5cab-46a1-52e7-cd4de606e9c4}.Debug|Any CPU.ActiveCfg = Debug|Any CPU
		{6fabc083-5cab-46a1-52e7-cd4de606e9c4}.Debug|Any CPU.Build.0 = Debug|Any CPU
		{c001dff7-e59d-1dbe-ef3f-9812f069cbb7}.Debug|Any CPU.ActiveCfg = Debug|Any CPU
		{c001dff7-e59d-1dbe-ef3f-9812f069cbb7}.Debug|Any CPU.Build.0 = Debug|Any CPU
		{ec8c0881-0a06-f84b-9964-36cb91631839}.Debug|Any CPU.ActiveCfg = Debug|Any CPU
		{ec8c0881-0a06-f84b-9964-36cb91631839}.Debug|Any CPU.Build.0 = Debug|Any CPU
	EndGlobalSection
	GlobalSection(SolutionProperties) = preSolution
		HideSolutionNode = FALSE
	EndGlobalSection
EndGlobal
